{
  "object": {
    "pins": [
      {
        "package": "CustomerGlu",
        "repositoryURL": "https://github.com/customerglu/CG-iOS-SDK",
        "state": {
          "branch": null,
          "revision": "ed7bb078634e20018a6c59dd25c7b197237f26bd",
          "version": "1.0.2"
        }
      }
    ]
  },
  "version": 1
}
